{
    "version": 3,
    "terraform_version": "0.11.11",
    "serial": 3,
    "lineage": "cb99260d-1276-b605-bfa5-ba4a0d8901e6",
    "modules": [
        {
            "path": [
                "root"
            ],
            "outputs": {},
            "resources": {
                "aws_instance.example": {
                    "type": "aws_instance",
                    "depends_on": [],
                    "primary": {
                        "id": "i-08f14583c93a5aadf",
                        "attributes": {
                            "ami": "ami-05220ffa0e7fce3d1",
                            "arn": "arn:aws:ec2:us-east-2:206788813376:instance/i-08f14583c93a5aadf",
                            "associate_public_ip_address": "true",
                            "availability_zone": "us-east-2c",
                            "cpu_core_count": "1",
                            "cpu_threads_per_core": "1",
                            "credit_specification.#": "1",
                            "credit_specification.0.cpu_credits": "standard",
                            "disable_api_termination": "false",
                            "ebs_block_device.#": "0",
                            "ebs_optimized": "false",
                            "ephemeral_block_device.#": "0",
                            "get_password_data": "false",
                            "iam_instance_profile": "",
                            "id": "i-08f14583c93a5aadf",
                            "instance_state": "running",
                            "instance_type": "t2.micro",
                            "ipv6_addresses.#": "0",
                            "key_name": "",
                            "monitoring": "false",
                            "network_interface.#": "0",
                            "network_interface_id": "eni-04166c82c9d1e9c49",
                            "password_data": "",
                            "placement_group": "",
                            "primary_network_interface_id": "eni-04166c82c9d1e9c49",
                            "private_dns": "ip-172-31-44-187.us-east-2.compute.internal",
                            "private_ip": "172.31.44.187",
                            "public_dns": "ec2-18-222-249-80.us-east-2.compute.amazonaws.com",
                            "public_ip": "18.222.249.80",
                            "root_block_device.#": "1",
                            "root_block_device.0.delete_on_termination": "true",
                            "root_block_device.0.iops": "100",
                            "root_block_device.0.volume_id": "vol-0ed8f9b15e5bfecbe",
                            "root_block_device.0.volume_size": "10",
                            "root_block_device.0.volume_type": "gp2",
                            "security_groups.#": "1",
                            "security_groups.3814588639": "default",
                            "source_dest_check": "true",
                            "subnet_id": "subnet-75a80939",
                            "tags.%": "0",
                            "tenancy": "default",
                            "volume_tags.%": "0",
                            "vpc_security_group_ids.#": "1",
                            "vpc_security_group_ids.4074696157": "sg-5bec7c3a"
                        },
                        "meta": {
                            "e2bfb730-ecaa-11e6-8f88-34363bc7c4c0": {
                                "create": 600000000000,
                                "delete": 1200000000000,
                                "update": 600000000000
                            },
                            "schema_version": "1"
                        },
                        "tainted": false
                    },
                    "deposed": [],
                    "provider": "provider.aws"
                }
            },
            "depends_on": []
        }
    ]
}
